
Microsoft Visual Studio Solution File, Format Version 12.00
# Visual Studio 14
VisualStudioVersion = 14.0.24720.0
MinimumVisualStudioVersion = 10.0.40219.1
Project("{FAE04EC0-301F-11D3-BF4B-00C04F79EFBC}") = "RentMyWrox", "RentMyWrox\RentMyWrox.csproj", "{E67C1ED1-948E-486D-9C4C-49896398A3BA}"
EndProject
Project("{FAE04EC0-301F-11D3-BF4B-00C04F79EFBC}") = "RentMyWrox.Tests", "RentMyWrox.Tests\RentMyWrox.Tests.csproj", "{6B9BB3D0-147C-43A1-8C5D-1A0C882122CE}"
EndProject
Global
	GlobalSection(SolutionConfigurationPlatforms) = preSolution
		Debug|Any CPU = Debug|Any CPU
		Release|Any CPU = Release|Any CPU
	EndGlobalSection
	GlobalSection(ProjectConfigurationPlatforms) = postSolution
		{E67C1ED1-948E-486D-9C4C-49896398A3BA}.Debug|Any CPU.ActiveCfg = Debug|Any CPU
		{E67C1ED1-948E-486D-9C4C-49896398A3BA}.Debug|Any CPU.Build.0 = Debug|Any CPU
		{E67C1ED1-948E-486D-9C4C-49896398A3BA}.Release|Any CPU.ActiveCfg = Release|Any CPU
		{E67C1ED1-948E-486D-9C4C-49896398A3BA}.Release|Any CPU.Build.0 = Release|Any CPU
		{6B9BB3D0-147C-43A1-8C5D-1A0C882122CE}.Debug|Any CPU.ActiveCfg = Debug|Any CPU
		{6B9BB3D0-147C-43A1-8C5D-1A0C882122CE}.Debug|Any CPU.Build.0 = Debug|Any CPU
		{6B9BB3D0-147C-43A1-8C5D-1A0C882122CE}.Release|Any CPU.ActiveCfg = Release|Any CPU
		{6B9BB3D0-147C-43A1-8C5D-1A0C882122CE}.Release|Any CPU.Build.0 = Release|Any CPU
	EndGlobalSection
	GlobalSection(SolutionProperties) = preSolution
		HideSolutionNode = FALSE
	EndGlobalSection
EndGlobal
